
Microsoft Visual Studio Solution File, Format Version 12.00
# Visual Studio Version 17
VisualStudioVersion = 17.8.34525.116
MinimumVisualStudioVersion = 10.0.40219.1
Project("{FAE04EC0-301F-11D3-BF4B-00C04F79EFBC}") = "ExceptionAnalyzer", "ExceptionAnalyzer\ExceptionAnalyzer.csproj", "{DCB5A92B-93D1-41C7-BAA0-65388094B96F}"
EndProject
Project("{2150E333-8FDC-42A3-9474-1A3956D46DE8}") = "tests", "tests", "{0AB3BF05-4346-4AA6-1389-037BE0695223}"
EndProject
Project("{FAE04EC0-301F-11D3-BF4B-00C04F79EFBC}") = "ExceptionAnalyzer.Tests", "tests\ExceptionAnalyzer.Tests\ExceptionAnalyzer.Tests.csproj", "{457C0C6E-18E4-4D7A-B181-8E7B3C48C1C4}"
EndProject
Global
	GlobalSection(SolutionConfigurationPlatforms) = preSolution
		Debug|Any CPU = Debug|Any CPU
		Debug|x64 = Debug|x64
		Debug|x86 = Debug|x86
		Release|Any CPU = Release|Any CPU
		Release|x64 = Release|x64
		Release|x86 = Release|x86
	EndGlobalSection
	GlobalSection(ProjectConfigurationPlatforms) = postSolution
		{DCB5A92B-93D1-41C7-BAA0-65388094B96F}.Debug|Any CPU.ActiveCfg = Debug|Any CPU
		{DCB5A92B-93D1-41C7-BAA0-65388094B96F}.Debug|Any CPU.Build.0 = Debug|Any CPU
		{DCB5A92B-93D1-41C7-BAA0-65388094B96F}.Debug|x64.ActiveCfg = Debug|Any CPU
		{DCB5A92B-93D1-41C7-BAA0-65388094B96F}.Debug|x64.Build.0 = Debug|Any CPU
		{DCB5A92B-93D1-41C7-BAA0-65388094B96F}.Debug|x86.ActiveCfg = Debug|Any CPU
		{DCB5A92B-93D1-41C7-BAA0-65388094B96F}.Debug|x86.Build.0 = Debug|Any CPU
		{DCB5A92B-93D1-41C7-BAA0-65388094B96F}.Release|Any CPU.ActiveCfg = Release|Any CPU
		{DCB5A92B-93D1-41C7-BAA0-65388094B96F}.Release|Any CPU.Build.0 = Release|Any CPU
		{DCB5A92B-93D1-41C7-BAA0-65388094B96F}.Release|x64.ActiveCfg = Release|Any CPU
		{DCB5A92B-93D1-41C7-BAA0-65388094B96F}.Release|x64.Build.0 = Release|Any CPU
		{DCB5A92B-93D1-41C7-BAA0-65388094B96F}.Release|x86.ActiveCfg = Release|Any CPU
		{DCB5A92B-93D1-41C7-BAA0-65388094B96F}.Release|x86.Build.0 = Release|Any CPU
		{457C0C6E-18E4-4D7A-B181-8E7B3C48C1C4}.Debug|Any CPU.ActiveCfg = Debug|Any CPU
		{457C0C6E-18E4-4D7A-B181-8E7B3C48C1C4}.Debug|Any CPU.Build.0 = Debug|Any CPU
		{457C0C6E-18E4-4D7A-B181-8E7B3C48C1C4}.Debug|x64.ActiveCfg = Debug|Any CPU
		{457C0C6E-18E4-4D7A-B181-8E7B3C48C1C4}.Debug|x64.Build.0 = Debug|Any CPU
		{457C0C6E-18E4-4D7A-B181-8E7B3C48C1C4}.Debug|x86.ActiveCfg = Debug|Any CPU
		{457C0C6E-18E4-4D7A-B181-8E7B3C48C1C4}.Debug|x86.Build.0 = Debug|Any CPU
		{457C0C6E-18E4-4D7A-B181-8E7B3C48C1C4}.Release|Any CPU.ActiveCfg = Release|Any CPU
		{457C0C6E-18E4-4D7A-B181-8E7B3C48C1C4}.Release|Any CPU.Build.0 = Release|Any CPU
		{457C0C6E-18E4-4D7A-B181-8E7B3C48C1C4}.Release|x64.ActiveCfg = Release|Any CPU
		{457C0C6E-18E4-4D7A-B181-8E7B3C48C1C4}.Release|x64.Build.0 = Release|Any CPU
		{457C0C6E-18E4-4D7A-B181-8E7B3C48C1C4}.Release|x86.ActiveCfg = Release|Any CPU
		{457C0C6E-18E4-4D7A-B181-8E7B3C48C1C4}.Release|x86.Build.0 = Release|Any CPU
	EndGlobalSection
	GlobalSection(SolutionProperties) = preSolution
		HideSolutionNode = FALSE
	EndGlobalSection
	GlobalSection(NestedProjects) = preSolution
		{457C0C6E-18E4-4D7A-B181-8E7B3C48C1C4} = {0AB3BF05-4346-4AA6-1389-037BE0695223}
	EndGlobalSection
	GlobalSection(ExtensibilityGlobals) = postSolution
		SolutionGuid = {6FE922DF-1D2C-4A9B-8B80-ECBB2D7A3B8A}
	EndGlobalSection
EndGlobal
